
Microsoft Visual Studio Solution File, Format Version 12.00
# Visual Studio 15
VisualStudioVersion = 15.0.28307.1321
MinimumVisualStudioVersion = 10.0.40219.1
Project("{8BC9CEB8-8B4A-11D0-8D11-00A0C91BC942}") = "Coordinator", "Coordinator.vcxproj", "{C43557F3-3903-4D78-BACC-2638ADC8D26A}"
	ProjectSection(ProjectDependencies) = postProject
		{5E1864DD-F5E9-3DAE-8C0C-AFA377E68E99} = {5E1864DD-F5E9-3DAE-8C0C-AFA377E68E99}
	EndProjectSection
EndProject
Project("{8BC9CEB8-8B4A-11D0-8D11-00A0C91BC942}") = "LinesMeasurerLibrary", "LinesMeasurerLibrary\LinesMeasurerLibrary.vcxproj", "{5E1864DD-F5E9-3DAE-8C0C-AFA377E68E99}"
EndProject
Global
	GlobalSection(SolutionConfigurationPlatforms) = preSolution
		Debug|x64 = Debug|x64
		Debug|x86 = Debug|x86
		MinSizeRel|x64 = MinSizeRel|x64
		MinSizeRel|x86 = MinSizeRel|x86
		Release|x64 = Release|x64
		Release|x86 = Release|x86
		RelWithDebInfo|x64 = RelWithDebInfo|x64
		RelWithDebInfo|x86 = RelWithDebInfo|x86
	EndGlobalSection
	GlobalSection(ProjectConfigurationPlatforms) = postSolution
		{C43557F3-3903-4D78-BACC-2638ADC8D26A}.Debug|x64.ActiveCfg = Debug|x64
		{C43557F3-3903-4D78-BACC-2638ADC8D26A}.Debug|x64.Build.0 = Debug|x64
		{C43557F3-3903-4D78-BACC-2638ADC8D26A}.Debug|x86.ActiveCfg = Debug|Win32
		{C43557F3-3903-4D78-BACC-2638ADC8D26A}.Debug|x86.Build.0 = Debug|Win32
		{C43557F3-3903-4D78-BACC-2638ADC8D26A}.MinSizeRel|x64.ActiveCfg = Release|x64
		{C43557F3-3903-4D78-BACC-2638ADC8D26A}.MinSizeRel|x64.Build.0 = Release|x64
		{C43557F3-3903-4D78-BACC-2638ADC8D26A}.MinSizeRel|x86.ActiveCfg = Release|Win32
		{C43557F3-3903-4D78-BACC-2638ADC8D26A}.MinSizeRel|x86.Build.0 = Release|Win32
		{C43557F3-3903-4D78-BACC-2638ADC8D26A}.Release|x64.ActiveCfg = Release|x64
		{C43557F3-3903-4D78-BACC-2638ADC8D26A}.Release|x64.Build.0 = Release|x64
		{C43557F3-3903-4D78-BACC-2638ADC8D26A}.Release|x86.ActiveCfg = Release|Win32
		{C43557F3-3903-4D78-BACC-2638ADC8D26A}.Release|x86.Build.0 = Release|Win32
		{C43557F3-3903-4D78-BACC-2638ADC8D26A}.RelWithDebInfo|x64.ActiveCfg = Release|x64
		{C43557F3-3903-4D78-BACC-2638ADC8D26A}.RelWithDebInfo|x64.Build.0 = Release|x64
		{C43557F3-3903-4D78-BACC-2638ADC8D26A}.RelWithDebInfo|x86.ActiveCfg = Release|Win32
		{C43557F3-3903-4D78-BACC-2638ADC8D26A}.RelWithDebInfo|x86.Build.0 = Release|Win32
		{5E1864DD-F5E9-3DAE-8C0C-AFA377E68E99}.Debug|x64.ActiveCfg = Debug|x64
		{5E1864DD-F5E9-3DAE-8C0C-AFA377E68E99}.Debug|x64.Build.0 = Debug|x64
		{5E1864DD-F5E9-3DAE-8C0C-AFA377E68E99}.Debug|x86.ActiveCfg = Debug|x64
		{5E1864DD-F5E9-3DAE-8C0C-AFA377E68E99}.MinSizeRel|x64.ActiveCfg = MinSizeRel|x64
		{5E1864DD-F5E9-3DAE-8C0C-AFA377E68E99}.MinSizeRel|x64.Build.0 = MinSizeRel|x64
		{5E1864DD-F5E9-3DAE-8C0C-AFA377E68E99}.MinSizeRel|x86.ActiveCfg = MinSizeRel|x64
		{5E1864DD-F5E9-3DAE-8C0C-AFA377E68E99}.Release|x64.ActiveCfg = Release|x64
		{5E1864DD-F5E9-3DAE-8C0C-AFA377E68E99}.Release|x64.Build.0 = Release|x64
		{5E1864DD-F5E9-3DAE-8C0C-AFA377E68E99}.Release|x86.ActiveCfg = Release|x64
		{5E1864DD-F5E9-3DAE-8C0C-AFA377E68E99}.RelWithDebInfo|x64.ActiveCfg = RelWithDebInfo|x64
		{5E1864DD-F5E9-3DAE-8C0C-AFA377E68E99}.RelWithDebInfo|x64.Build.0 = RelWithDebInfo|x64
		{5E1864DD-F5E9-3DAE-8C0C-AFA377E68E99}.RelWithDebInfo|x86.ActiveCfg = RelWithDebInfo|x64
	EndGlobalSection
	GlobalSection(SolutionProperties) = preSolution
		HideSolutionNode = FALSE
	EndGlobalSection
	GlobalSection(ExtensibilityGlobals) = postSolution
		SolutionGuid = {FFE94043-E303-470E-A06F-E6E3BB9521DA}
	EndGlobalSection
EndGlobal
